
Microsoft Visual Studio Solution File, Format Version 12.00
# Visual Studio Version 17
VisualStudioVersion = 17.2.32519.379
MinimumVisualStudioVersion = 10.0.40219.1
Project("{FAE04EC0-301F-11D3-BF4B-00C04F79EFBC}") = "Lab_MVC", "Lab_MVC\Lab_MVC.csproj", "{05EC239F-0CEA-48D2-9E2F-CBFA618514C8}"
EndProject
Global
	GlobalSection(SolutionConfigurationPlatforms) = preSolution
		Debug|Any CPU = Debug|Any CPU
		Release|Any CPU = Release|Any CPU
	EndGlobalSection
	GlobalSection(ProjectConfigurationPlatforms) = postSolution
		{05EC239F-0CEA-48D2-9E2F-CBFA618514C8}.Debug|Any CPU.ActiveCfg = Debug|Any CPU
		{05EC239F-0CEA-48D2-9E2F-CBFA618514C8}.Debug|Any CPU.Build.0 = Debug|Any CPU
		{05EC239F-0CEA-48D2-9E2F-CBFA618514C8}.Release|Any CPU.ActiveCfg = Release|Any CPU
		{05EC239F-0CEA-48D2-9E2F-CBFA618514C8}.Release|Any CPU.Build.0 = Release|Any CPU
	EndGlobalSection
	GlobalSection(SolutionProperties) = preSolution
		HideSolutionNode = FALSE
	EndGlobalSection
	GlobalSection(ExtensibilityGlobals) = postSolution
		SolutionGuid = {111998CF-ED7A-4EEE-9B84-5735C829E824}
	EndGlobalSection
EndGlobal
